
Microsoft Visual Studio Solution File, Format Version 12.00
# Visual Studio Version 16
VisualStudioVersion = 16.0.32510.428
MinimumVisualStudioVersion = 10.0.40219.1
Project("{FAE04EC0-301F-11D3-BF4B-00C04F79EFBC}") = "Example.WebApi", "Example.WebApi\Example.WebApi.csproj", "{6BE0AB3A-68FB-4112-85CA-AFFA168E1076}"
EndProject
Project("{FAE04EC0-301F-11D3-BF4B-00C04F79EFBC}") = "UserManagement.API", "UserManagement.API\UserManagement.API.csproj", "{73132C71-5536-46E0-8DEE-041A2070EBC6}"
EndProject
Global
	GlobalSection(SolutionConfigurationPlatforms) = preSolution
		Debug|Any CPU = Debug|Any CPU
		Release|Any CPU = Release|Any CPU
	EndGlobalSection
	GlobalSection(ProjectConfigurationPlatforms) = postSolution
		{6BE0AB3A-68FB-4112-85CA-AFFA168E1076}.Debug|Any CPU.ActiveCfg = Debug|Any CPU
		{6BE0AB3A-68FB-4112-85CA-AFFA168E1076}.Debug|Any CPU.Build.0 = Debug|Any CPU
		{6BE0AB3A-68FB-4112-85CA-AFFA168E1076}.Release|Any CPU.ActiveCfg = Release|Any CPU
		{6BE0AB3A-68FB-4112-85CA-AFFA168E1076}.Release|Any CPU.Build.0 = Release|Any CPU
		{73132C71-5536-46E0-8DEE-041A2070EBC6}.Debug|Any CPU.ActiveCfg = Debug|Any CPU
		{73132C71-5536-46E0-8DEE-041A2070EBC6}.Debug|Any CPU.Build.0 = Debug|Any CPU
		{73132C71-5536-46E0-8DEE-041A2070EBC6}.Release|Any CPU.ActiveCfg = Release|Any CPU
		{73132C71-5536-46E0-8DEE-041A2070EBC6}.Release|Any CPU.Build.0 = Release|Any CPU
	EndGlobalSection
	GlobalSection(SolutionProperties) = preSolution
		HideSolutionNode = FALSE
	EndGlobalSection
	GlobalSection(ExtensibilityGlobals) = postSolution
		SolutionGuid = {590E93AA-ABB0-48DC-9F93-98CDCA5DB8E1}
	EndGlobalSection
EndGlobal
